// !$*UTF8*$!
{
	archiveVersion = 1;
	classes = {
	};
	objectVersion = 46;
	objects = {

/* Begin PBXBuildFile section */
		32130CBEFD9B53371BDEA179 /* libPods-FleapUITests.a in Frameworks */ = {isa = PBXBuildFile; fileRef = 525D1535298AE06C14C7B41C /* libPods-FleapUITests.a */; };
		45EFDD7F1BBBDEC07CE8EB96 /* libPods-Fleap.a in Frameworks */ = {isa = PBXBuildFile; fileRef = 7BC93B0C92A61D509D994E02 /* libPods-Fleap.a */; };
		DC948DE78D314E9B400EB7E2 /* libPods-FleapTests.a in Frameworks */ = {isa = PBXBuildFile; fileRef = D19713291BD5EBE37595183E /* libPods-FleapTests.a */; };
		FF11E36720636612001E048F /* AlgoUIViewPinpoint.m in Sources */ = {isa = PBXBuildFile; fileRef = FF11E36620636612001E048F /* AlgoUIViewPinpoint.m */; };
		FF11E36A20636A7D001E048F /* UIView+hitTest.m in Sources */ = {isa = PBXBuildFile; fileRef = FF11E36920636A7D001E048F /* UIView+hitTest.m */; };
		FF15BF3520622757002019CF /* AlgoNSRange.m in Sources */ = {isa = PBXBuildFile; fileRef = FF15BF3420622757002019CF /* AlgoNSRange.m */; };
		FF49420E2071CA28000AC7A9 /* NOCURLSession.m in Sources */ = {isa = PBXBuildFile; fileRef = FF49420D2071CA28000AC7A9 /* NOCURLSession.m */; };
		FF4942112071CE1D000AC7A9 /* NOCSwizzling.m in Sources */ = {isa = PBXBuildFile; fileRef = FF4942102071CE1D000AC7A9 /* NOCSwizzling.m */; };
		FFB116782068681F00328061 /* CancelState.m in Sources */ = {isa = PBXBuildFile; fileRef = FFB116772068681F00328061 /* CancelState.m */; };
		FFB1167B20686CF200328061 /* NOCSingleton.m in Sources */ = {isa = PBXBuildFile; fileRef = FFB1167A20686CF200328061 /* NOCSingleton.m */; };
		FFB1167E20688DCC00328061 /* NOCPersistence.m in Sources */ = {isa = PBXBuildFile; fileRef = FFB1167D20688DCC00328061 /* NOCPersistence.m */; };
		FFB1168120689F4300328061 /* NOCOperation.m in Sources */ = {isa = PBXBuildFile; fileRef = FFB1168020689F4300328061 /* NOCOperation.m */; };
		FFB116842068BF0600328061 /* NOCTableView.m in Sources */ = {isa = PBXBuildFile; fileRef = FFB116832068BF0600328061 /* NOCTableView.m */; };
		FFB116872068C2B500328061 /* NOCUIControl.m in Sources */ = {isa = PBXBuildFile; fileRef = FFB116862068C2B500328061 /* NOCUIControl.m */; };
		FFF7AC121DB3389100430305 /* main.m in Sources */ = {isa = PBXBuildFile; fileRef = FFF7AC111DB3389100430305 /* main.m */; };
		FFF7AC151DB3389100430305 /* AppDelegate.m in Sources */ = {isa = PBXBuildFile; fileRef = FFF7AC141DB3389100430305 /* AppDelegate.m */; };
		FFF7AC181DB3389100430305 /* ViewController.m in Sources */ = {isa = PBXBuildFile; fileRef = FFF7AC171DB3389100430305 /* ViewController.m */; };
		FFF7AC1B1DB3389100430305 /* Main.storyboard in Resources */ = {isa = PBXBuildFile; fileRef = FFF7AC191DB3389100430305 /* Main.storyboard */; };
		FFF7AC1D1DB3389100430305 /* Assets.xcassets in Resources */ = {isa = PBXBuildFile; fileRef = FFF7AC1C1DB3389100430305 /* Assets.xcassets */; };
		FFF7AC201DB3389100430305 /* LaunchScreen.storyboard in Resources */ = {isa = PBXBuildFile; fileRef = FFF7AC1E1DB3389100430305 /* LaunchScreen.storyboard */; };
		FFF7AC2B1DB3389100430305 /* FleapTests.m in Sources */ = {isa = PBXBuildFile; fileRef = FFF7AC2A1DB3389100430305 /* FleapTests.m */; };
		FFF7AC361DB3389100430305 /* FleapUITests.m in Sources */ = {isa = PBXBuildFile; fileRef = FFF7AC351DB3389100430305 /* FleapUITests.m */; };
		FFFD804B206712A100425B14 /* NOCNSExceptionHandling.m in Sources */ = {isa = PBXBuildFile; fileRef = FFFD804A206712A100425B14 /* NOCNSExceptionHandling.m */; };
		FFFD804E2067153F00425B14 /* NOCEnumerator.m in Sources */ = {isa = PBXBuildFile; fileRef = FFFD804D2067153F00425B14 /* NOCEnumerator.m */; };
		FFFD805120671C7B00425B14 /* NOCProtocol.m in Sources */ = {isa = PBXBuildFile; fileRef = FFFD805020671C7B00425B14 /* NOCProtocol.m */; };
		FFFD8054206721BA00425B14 /* NOCNotification.m in Sources */ = {isa = PBXBuildFile; fileRef = FFFD8053206721BA00425B14 /* NOCNotification.m */; };
		FFFD805720672D9200425B14 /* NOCKeyValueObject.m in Sources */ = {isa = PBXBuildFile; fileRef = FFFD805620672D9200425B14 /* NOCKeyValueObject.m */; };
		FFFD805A2067758000425B14 /* AlgorithmGrandList.m in Sources */ = {isa = PBXBuildFile; fileRef = FFFD80592067758000425B14 /* AlgorithmGrandList.m */; };
/* End PBXBuildFile section */

/* Begin PBXContainerItemProxy section */
		FFF7AC271DB3389100430305 /* PBXContainerItemProxy */ = {
			isa = PBXContainerItemProxy;
			containerPortal = FFF7AC051DB3389000430305 /* Project object */;
			proxyType = 1;
			remoteGlobalIDString = FFF7AC0C1DB3389000430305;
			remoteInfo = Fleap;
		};
		FFF7AC321DB3389100430305 /* PBXContainerItemProxy */ = {
			isa = PBXContainerItemProxy;
			containerPortal = FFF7AC051DB3389000430305 /* Project object */;
			proxyType = 1;
			remoteGlobalIDString = FFF7AC0C1DB3389000430305;
			remoteInfo = Fleap;
		};
/* End PBXContainerItemProxy section */

/* Begin PBXFileReference section */
		03898A7D2F12DCF5C26B9563 /* Pods-FleapUITests.debug.xcconfig */ = {isa = PBXFileReference; includeInIndex = 1; lastKnownFileType = text.xcconfig; name = "Pods-FleapUITests.debug.xcconfig"; path = "Pods/Target Support Files/Pods-FleapUITests/Pods-FleapUITests.debug.xcconfig"; sourceTree = "<group>"; };
		1230558DA6CA7522ABF5294D /* Pods-FleapUITests.release.xcconfig */ = {isa = PBXFileReference; includeInIndex = 1; lastKnownFileType = text.xcconfig; name = "Pods-FleapUITests.release.xcconfig"; path = "Pods/Target Support Files/Pods-FleapUITests/Pods-FleapUITests.release.xcconfig"; sourceTree = "<group>"; };
		29FCB772B43AB211903229FD /* Pods-Fleap.release.xcconfig */ = {isa = PBXFileReference; includeInIndex = 1; lastKnownFileType = text.xcconfig; name = "Pods-Fleap.release.xcconfig"; path = "Pods/Target Support Files/Pods-Fleap/Pods-Fleap.release.xcconfig"; sourceTree = "<group>"; };
		525D1535298AE06C14C7B41C /* libPods-FleapUITests.a */ = {isa = PBXFileReference; explicitFileType = archive.ar; includeInIndex = 0; path = "libPods-FleapUITests.a"; sourceTree = BUILT_PRODUCTS_DIR; };
		648FF95701F101CDD825624A /* Pods-FleapTests.debug.xcconfig */ = {isa = PBXFileReference; includeInIndex = 1; lastKnownFileType = text.xcconfig; name = "Pods-FleapTests.debug.xcconfig"; path = "Pods/Target Support Files/Pods-FleapTests/Pods-FleapTests.debug.xcconfig"; sourceTree = "<group>"; };
		6AAEA86D9CCA906EFDF5C91C /* Pods-Fleap.debug.xcconfig */ = {isa = PBXFileReference; includeInIndex = 1; lastKnownFileType = text.xcconfig; name = "Pods-Fleap.debug.xcconfig"; path = "Pods/Target Support Files/Pods-Fleap/Pods-Fleap.debug.xcconfig"; sourceTree = "<group>"; };
		7BC93B0C92A61D509D994E02 /* libPods-Fleap.a */ = {isa = PBXFileReference; explicitFileType = archive.ar; includeInIndex = 0; path = "libPods-Fleap.a"; sourceTree = BUILT_PRODUCTS_DIR; };
		D19713291BD5EBE37595183E /* libPods-FleapTests.a */ = {isa = PBXFileReference; explicitFileType = archive.ar; includeInIndex = 0; path = "libPods-FleapTests.a"; sourceTree = BUILT_PRODUCTS_DIR; };
		E254C68A469813235DADB5AF /* Pods-FleapTests.release.xcconfig */ = {isa = PBXFileReference; includeInIndex = 1; lastKnownFileType = text.xcconfig; name = "Pods-FleapTests.release.xcconfig"; path = "Pods/Target Support Files/Pods-FleapTests/Pods-FleapTests.release.xcconfig"; sourceTree = "<group>"; };
		FF11E36520636612001E048F /* AlgoUIViewPinpoint.h */ = {isa = PBXFileReference; lastKnownFileType = sourcecode.c.h; path = AlgoUIViewPinpoint.h; sourceTree = "<group>"; };
		FF11E36620636612001E048F /* AlgoUIViewPinpoint.m */ = {isa = PBXFileReference; lastKnownFileType = sourcecode.c.objc; path = AlgoUIViewPinpoint.m; sourceTree = "<group>"; };
		FF11E36820636A7D001E048F /* UIView+hitTest.h */ = {isa = PBXFileReference; lastKnownFileType = sourcecode.c.h; path = "UIView+hitTest.h"; sourceTree = "<group>"; };
		FF11E36920636A7D001E048F /* UIView+hitTest.m */ = {isa = PBXFileReference; lastKnownFileType = sourcecode.c.objc; path = "UIView+hitTest.m"; sourceTree = "<group>"; };
		FF15BF3320622757002019CF /* AlgoNSRange.h */ = {isa = PBXFileReference; lastKnownFileType = sourcecode.c.h; path = AlgoNSRange.h; sourceTree = "<group>"; };
		FF15BF3420622757002019CF /* AlgoNSRange.m */ = {isa = PBXFileReference; lastKnownFileType = sourcecode.c.objc; path = AlgoNSRange.m; sourceTree = "<group>"; };
		FF49420C2071CA28000AC7A9 /* NOCURLSession.h */ = {isa = PBXFileReference; lastKnownFileType = sourcecode.c.h; path = NOCURLSession.h; sourceTree = "<group>"; };
		FF49420D2071CA28000AC7A9 /* NOCURLSession.m */ = {isa = PBXFileReference; lastKnownFileType = sourcecode.c.objc; path = NOCURLSession.m; sourceTree = "<group>"; };
		FF49420F2071CE1D000AC7A9 /* NOCSwizzling.h */ = {isa = PBXFileReference; lastKnownFileType = sourcecode.c.h; path = NOCSwizzling.h; sourceTree = "<group>"; };
		FF4942102071CE1D000AC7A9 /* NOCSwizzling.m */ = {isa = PBXFileReference; lastKnownFileType = sourcecode.c.objc; path = NOCSwizzling.m; sourceTree = "<group>"; };
		FFB116762068681F00328061 /* CancelState.h */ = {isa = PBXFileReference; lastKnownFileType = sourcecode.c.h; path = CancelState.h; sourceTree = "<group>"; };
		FFB116772068681F00328061 /* CancelState.m */ = {isa = PBXFileReference; lastKnownFileType = sourcecode.c.objc; path = CancelState.m; sourceTree = "<group>"; };
		FFB1167920686CF200328061 /* NOCSingleton.h */ = {isa = PBXFileReference; lastKnownFileType = sourcecode.c.h; path = NOCSingleton.h; sourceTree = "<group>"; };
		FFB1167A20686CF200328061 /* NOCSingleton.m */ = {isa = PBXFileReference; lastKnownFileType = sourcecode.c.objc; path = NOCSingleton.m; sourceTree = "<group>"; };
		FFB1167C20688DCC00328061 /* NOCPersistence.h */ = {isa = PBXFileReference; lastKnownFileType = sourcecode.c.h; path = NOCPersistence.h; sourceTree = "<group>"; };
		FFB1167D20688DCC00328061 /* NOCPersistence.m */ = {isa = PBXFileReference; lastKnownFileType = sourcecode.c.objc; path = NOCPersistence.m; sourceTree = "<group>"; };
		FFB1167F20689F4300328061 /* NOCOperation.h */ = {isa = PBXFileReference; lastKnownFileType = sourcecode.c.h; path = NOCOperation.h; sourceTree = "<group>"; };
		FFB1168020689F4300328061 /* NOCOperation.m */ = {isa = PBXFileReference; lastKnownFileType = sourcecode.c.objc; path = NOCOperation.m; sourceTree = "<group>"; };
		FFB116822068BF0600328061 /* NOCTableView.h */ = {isa = PBXFileReference; lastKnownFileType = sourcecode.c.h; path = NOCTableView.h; sourceTree = "<group>"; };
		FFB116832068BF0600328061 /* NOCTableView.m */ = {isa = PBXFileReference; lastKnownFileType = sourcecode.c.objc; path = NOCTableView.m; sourceTree = "<group>"; };
		FFB116852068C2B500328061 /* NOCUIControl.h */ = {isa = PBXFileReference; lastKnownFileType = sourcecode.c.h; path = NOCUIControl.h; sourceTree = "<group>"; };
		FFB116862068C2B500328061 /* NOCUIControl.m */ = {isa = PBXFileReference; lastKnownFileType = sourcecode.c.objc; path = NOCUIControl.m; sourceTree = "<group>"; };
		FFF7AC0D1DB3389100430305 /* Fleap.app */ = {isa = PBXFileReference; explicitFileType = wrapper.application; includeInIndex = 0; path = Fleap.app; sourceTree = BUILT_PRODUCTS_DIR; };
		FFF7AC111DB3389100430305 /* main.m */ = {isa = PBXFileReference; lastKnownFileType = sourcecode.c.objc; path = main.m; sourceTree = "<group>"; };
		FFF7AC131DB3389100430305 /* AppDelegate.h */ = {isa = PBXFileReference; lastKnownFileType = sourcecode.c.h; path = AppDelegate.h; sourceTree = "<group>"; };
		FFF7AC141DB3389100430305 /* AppDelegate.m */ = {isa = PBXFileReference; lastKnownFileType = sourcecode.c.objc; path = AppDelegate.m; sourceTree = "<group>"; };
		FFF7AC161DB3389100430305 /* ViewController.h */ = {isa = PBXFileReference; lastKnownFileType = sourcecode.c.h; path = ViewController.h; sourceTree = "<group>"; };
		FFF7AC171DB3389100430305 /* ViewController.m */ = {isa = PBXFileReference; lastKnownFileType = sourcecode.c.objc; path = ViewController.m; sourceTree = "<group>"; };
		FFF7AC1A1DB3389100430305 /* Base */ = {isa = PBXFileReference; lastKnownFileType = file.storyboard; name = Base; path = Base.lproj/Main.storyboard; sourceTree = "<group>"; };
		FFF7AC1C1DB3389100430305 /* Assets.xcassets */ = {isa = PBXFileReference; lastKnownFileType = folder.assetcatalog; path = Assets.xcassets; sourceTree = "<group>"; };
		FFF7AC1F1DB3389100430305 /* Base */ = {isa = PBXFileReference; lastKnownFileType = file.storyboard; name = Base; path = Base.lproj/LaunchScreen.storyboard; sourceTree = "<group>"; };
		FFF7AC211DB3389100430305 /* Info.plist */ = {isa = PBXFileReference; lastKnownFileType = text.plist.xml; path = Info.plist; sourceTree = "<group>"; };
		FFF7AC261DB3389100430305 /* FleapTests.xctest */ = {isa = PBXFileReference; explicitFileType = wrapper.cfbundle; includeInIndex = 0; path = FleapTests.xctest; sourceTree = BUILT_PRODUCTS_DIR; };
		FFF7AC2A1DB3389100430305 /* FleapTests.m */ = {isa = PBXFileReference; lastKnownFileType = sourcecode.c.objc; path = FleapTests.m; sourceTree = "<group>"; };
		FFF7AC2C1DB3389100430305 /* Info.plist */ = {isa = PBXFileReference; lastKnownFileType = text.plist.xml; path = Info.plist; sourceTree = "<group>"; };
		FFF7AC311DB3389100430305 /* FleapUITests.xctest */ = {isa = PBXFileReference; explicitFileType = wrapper.cfbundle; includeInIndex = 0; path = FleapUITests.xctest; sourceTree = BUILT_PRODUCTS_DIR; };
		FFF7AC351DB3389100430305 /* FleapUITests.m */ = {isa = PBXFileReference; lastKnownFileType = sourcecode.c.objc; path = FleapUITests.m; sourceTree = "<group>"; };
		FFF7AC371DB3389100430305 /* Info.plist */ = {isa = PBXFileReference; lastKnownFileType = text.plist.xml; path = Info.plist; sourceTree = "<group>"; };
		FFFD8049206712A100425B14 /* NOCNSExceptionHandling.h */ = {isa = PBXFileReference; lastKnownFileType = sourcecode.c.h; path = NOCNSExceptionHandling.h; sourceTree = "<group>"; };
		FFFD804A206712A100425B14 /* NOCNSExceptionHandling.m */ = {isa = PBXFileReference; lastKnownFileType = sourcecode.c.objc; path = NOCNSExceptionHandling.m; sourceTree = "<group>"; };
		FFFD804C2067153F00425B14 /* NOCEnumerator.h */ = {isa = PBXFileReference; lastKnownFileType = sourcecode.c.h; path = NOCEnumerator.h; sourceTree = "<group>"; };
		FFFD804D2067153F00425B14 /* NOCEnumerator.m */ = {isa = PBXFileReference; lastKnownFileType = sourcecode.c.objc; path = NOCEnumerator.m; sourceTree = "<group>"; };
		FFFD804F20671C7B00425B14 /* NOCProtocol.h */ = {isa = PBXFileReference; lastKnownFileType = sourcecode.c.h; path = NOCProtocol.h; sourceTree = "<group>"; };
		FFFD805020671C7B00425B14 /* NOCProtocol.m */ = {isa = PBXFileReference; lastKnownFileType = sourcecode.c.objc; path = NOCProtocol.m; sourceTree = "<group>"; };
		FFFD8052206721BA00425B14 /* NOCNotification.h */ = {isa = PBXFileReference; lastKnownFileType = sourcecode.c.h; path = NOCNotification.h; sourceTree = "<group>"; };
		FFFD8053206721BA00425B14 /* NOCNotification.m */ = {isa = PBXFileReference; lastKnownFileType = sourcecode.c.objc; path = NOCNotification.m; sourceTree = "<group>"; };
		FFFD805520672D9200425B14 /* NOCKeyValueObject.h */ = {isa = PBXFileReference; lastKnownFileType = sourcecode.c.h; path = NOCKeyValueObject.h; sourceTree = "<group>"; };
		FFFD805620672D9200425B14 /* NOCKeyValueObject.m */ = {isa = PBXFileReference; lastKnownFileType = sourcecode.c.objc; path = NOCKeyValueObject.m; sourceTree = "<group>"; };
		FFFD80582067758000425B14 /* AlgorithmGrandList.h */ = {isa = PBXFileReference; lastKnownFileType = sourcecode.c.h; path = AlgorithmGrandList.h; sourceTree = "<group>"; };
		FFFD80592067758000425B14 /* AlgorithmGrandList.m */ = {isa = PBXFileReference; lastKnownFileType = sourcecode.c.objc; path = AlgorithmGrandList.m; sourceTree = "<group>"; };
/* End PBXFileReference section */

/* Begin PBXFrameworksBuildPhase section */
		FFF7AC0A1DB3389000430305 /* Frameworks */ = {
			isa = PBXFrameworksBuildPhase;
			buildActionMask = 2147483647;
			files = (
				45EFDD7F1BBBDEC07CE8EB96 /* libPods-Fleap.a in Frameworks */,
			);
			runOnlyForDeploymentPostprocessing = 0;
		};
		FFF7AC231DB3389100430305 /* Frameworks */ = {
			isa = PBXFrameworksBuildPhase;
			buildActionMask = 2147483647;
			files = (
				DC948DE78D314E9B400EB7E2 /* libPods-FleapTests.a in Frameworks */,
			);
			runOnlyForDeploymentPostprocessing = 0;
		};
		FFF7AC2E1DB3389100430305 /* Frameworks */ = {
			isa = PBXFrameworksBuildPhase;
			buildActionMask = 2147483647;
			files = (
				32130CBEFD9B53371BDEA179 /* libPods-FleapUITests.a in Frameworks */,
			);
			runOnlyForDeploymentPostprocessing = 0;
		};
/* End PBXFrameworksBuildPhase section */

/* Begin PBXGroup section */
		18CA61125CC18245D5AE6C85 /* Frameworks */ = {
			isa = PBXGroup;
			children = (
				7BC93B0C92A61D509D994E02 /* libPods-Fleap.a */,
				D19713291BD5EBE37595183E /* libPods-FleapTests.a */,
				525D1535298AE06C14C7B41C /* libPods-FleapUITests.a */,
			);
			name = Frameworks;
			sourceTree = "<group>";
		};
		BB493F450090A5D17672598D /* Pods */ = {
			isa = PBXGroup;
			children = (
				6AAEA86D9CCA906EFDF5C91C /* Pods-Fleap.debug.xcconfig */,
				29FCB772B43AB211903229FD /* Pods-Fleap.release.xcconfig */,
				648FF95701F101CDD825624A /* Pods-FleapTests.debug.xcconfig */,
				E254C68A469813235DADB5AF /* Pods-FleapTests.release.xcconfig */,
				03898A7D2F12DCF5C26B9563 /* Pods-FleapUITests.debug.xcconfig */,
				1230558DA6CA7522ABF5294D /* Pods-FleapUITests.release.xcconfig */,
			);
			name = Pods;
			sourceTree = "<group>";
		};
		FF15BF322062272A002019CF /* Algorithm */ = {
			isa = PBXGroup;
			children = (
				FF15BF3320622757002019CF /* AlgoNSRange.h */,
				FF15BF3420622757002019CF /* AlgoNSRange.m */,
				FF11E36520636612001E048F /* AlgoUIViewPinpoint.h */,
				FF11E36620636612001E048F /* AlgoUIViewPinpoint.m */,
				FF11E36820636A7D001E048F /* UIView+hitTest.h */,
				FF11E36920636A7D001E048F /* UIView+hitTest.m */,
				FFFD8049206712A100425B14 /* NOCNSExceptionHandling.h */,
				FFFD804A206712A100425B14 /* NOCNSExceptionHandling.m */,
				FFFD804C2067153F00425B14 /* NOCEnumerator.h */,
				FFFD804D2067153F00425B14 /* NOCEnumerator.m */,
				FFFD804F20671C7B00425B14 /* NOCProtocol.h */,
				FFFD805020671C7B00425B14 /* NOCProtocol.m */,
				FFFD8052206721BA00425B14 /* NOCNotification.h */,
				FFFD8053206721BA00425B14 /* NOCNotification.m */,
				FFFD805520672D9200425B14 /* NOCKeyValueObject.h */,
				FFFD805620672D9200425B14 /* NOCKeyValueObject.m */,
				FFFD80582067758000425B14 /* AlgorithmGrandList.h */,
				FFFD80592067758000425B14 /* AlgorithmGrandList.m */,
				FFB116762068681F00328061 /* CancelState.h */,
				FFB116772068681F00328061 /* CancelState.m */,
				FFB1167920686CF200328061 /* NOCSingleton.h */,
				FFB1167A20686CF200328061 /* NOCSingleton.m */,
				FFB1167C20688DCC00328061 /* NOCPersistence.h */,
				FFB1167D20688DCC00328061 /* NOCPersistence.m */,
				FFB1167F20689F4300328061 /* NOCOperation.h */,
				FFB1168020689F4300328061 /* NOCOperation.m */,
				FFB116822068BF0600328061 /* NOCTableView.h */,
				FFB116832068BF0600328061 /* NOCTableView.m */,
				FFB116852068C2B500328061 /* NOCUIControl.h */,
				FFB116862068C2B500328061 /* NOCUIControl.m */,
				FF49420C2071CA28000AC7A9 /* NOCURLSession.h */,
				FF49420D2071CA28000AC7A9 /* NOCURLSession.m */,
				FF49420F2071CE1D000AC7A9 /* NOCSwizzling.h */,
				FF4942102071CE1D000AC7A9 /* NOCSwizzling.m */,
			);
			name = Algorithm;
			sourceTree = "<group>";
		};
		FFF7AC041DB3389000430305 = {
			isa = PBXGroup;
			children = (
				FFF7AC0F1DB3389100430305 /* Fleap */,
				FFF7AC291DB3389100430305 /* FleapTests */,
				FFF7AC341DB3389100430305 /* FleapUITests */,
				FFF7AC0E1DB3389100430305 /* Products */,
				BB493F450090A5D17672598D /* Pods */,
				18CA61125CC18245D5AE6C85 /* Frameworks */,
			);
			sourceTree = "<group>";
		};
		FFF7AC0E1DB3389100430305 /* Products */ = {
			isa = PBXGroup;
			children = (
				FFF7AC0D1DB3389100430305 /* Fleap.app */,
				FFF7AC261DB3389100430305 /* FleapTests.xctest */,
				FFF7AC311DB3389100430305 /* FleapUITests.xctest */,
			);
			name = Products;
			sourceTree = "<group>";
		};
		FFF7AC0F1DB3389100430305 /* Fleap */ = {
			isa = PBXGroup;
			children = (
				FF15BF322062272A002019CF /* Algorithm */,
				FFF7AC131DB3389100430305 /* AppDelegate.h */,
				FFF7AC141DB3389100430305 /* AppDelegate.m */,
				FFF7AC161DB3389100430305 /* ViewController.h */,
				FFF7AC171DB3389100430305 /* ViewController.m */,
				FFF7AC191DB3389100430305 /* Main.storyboard */,
				FFF7AC1C1DB3389100430305 /* Assets.xcassets */,
				FFF7AC1E1DB3389100430305 /* LaunchScreen.storyboard */,
				FFF7AC211DB3389100430305 /* Info.plist */,
				FFF7AC101DB3389100430305 /* Supporting Files */,
			);
			path = Fleap;
			sourceTree = "<group>";
		};
		FFF7AC101DB3389100430305 /* Supporting Files */ = {
			isa = PBXGroup;
			children = (
				FFF7AC111DB3389100430305 /* main.m */,
			);
			name = "Supporting Files";
			sourceTree = "<group>";
		};
		FFF7AC291DB3389100430305 /* FleapTests */ = {
			isa = PBXGroup;
			children = (
				FFF7AC2A1DB3389100430305 /* FleapTests.m */,
				FFF7AC2C1DB3389100430305 /* Info.plist */,
			);
			path = FleapTests;
			sourceTree = "<group>";
		};
		FFF7AC341DB3389100430305 /* FleapUITests */ = {
			isa = PBXGroup;
			children = (
				FFF7AC351DB3389100430305 /* FleapUITests.m */,
				FFF7AC371DB3389100430305 /* Info.plist */,
			);
			path = FleapUITests;
			sourceTree = "<group>";
		};
/* End PBXGroup section */

/* Begin PBXNativeTarget section */
		FFF7AC0C1DB3389000430305 /* Fleap */ = {
			isa = PBXNativeTarget;
			buildConfigurationList = FFF7AC3A1DB3389100430305 /* Build configuration list for PBXNativeTarget "Fleap" */;
			buildPhases = (
				69CEB596526F00DA2E47E46C /* [CP] Check Pods Manifest.lock */,
				FFF7AC091DB3389000430305 /* Sources */,
				FFF7AC0A1DB3389000430305 /* Frameworks */,
				FFF7AC0B1DB3389000430305 /* Resources */,
			);
			buildRules = (
			);
			dependencies = (
			);
			name = Fleap;
			productName = Fleap;
			productReference = FFF7AC0D1DB3389100430305 /* Fleap.app */;
			productType = "com.apple.product-type.application";
		};
		FFF7AC251DB3389100430305 /* FleapTests */ = {
			isa = PBXNativeTarget;
			buildConfigurationList = FFF7AC3D1DB3389100430305 /* Build configuration list for PBXNativeTarget "FleapTests" */;
			buildPhases = (
				5EA67EE7D06CFADEE1CD9061 /* [CP] Check Pods Manifest.lock */,
				FFF7AC221DB3389100430305 /* Sources */,
				FFF7AC231DB3389100430305 /* Frameworks */,
				FFF7AC241DB3389100430305 /* Resources */,
			);
			buildRules = (
			);
			dependencies = (
				FFF7AC281DB3389100430305 /* PBXTargetDependency */,
			);
			name = FleapTests;
			productName = FleapTests;
			productReference = FFF7AC261DB3389100430305 /* FleapTests.xctest */;
			productType = "com.apple.product-type.bundle.unit-test";
		};
		FFF7AC301DB3389100430305 /* FleapUITests */ = {
			isa = PBXNativeTarget;
			buildConfigurationList = FFF7AC401DB3389100430305 /* Build configuration list for PBXNativeTarget "FleapUITests" */;
			buildPhases = (
				56EF9586A8C24E79BFBA9C9E /* [CP] Check Pods Manifest.lock */,
				FFF7AC2D1DB3389100430305 /* Sources */,
				FFF7AC2E1DB3389100430305 /* Frameworks */,
				FFF7AC2F1DB3389100430305 /* Resources */,
			);
			buildRules = (
			);
			dependencies = (
				FFF7AC331DB3389100430305 /* PBXTargetDependency */,
			);
			name = FleapUITests;
			productName = FleapUITests;
			productReference = FFF7AC311DB3389100430305 /* FleapUITests.xctest */;
			productType = "com.apple.product-type.bundle.ui-testing";
		};
/* End PBXNativeTarget section */

/* Begin PBXProject section */
		FFF7AC051DB3389000430305 /* Project object */ = {
			isa = PBXProject;
			attributes = {
				LastUpgradeCheck = 0800;
				ORGANIZATIONNAME = Noctiz;
				TargetAttributes = {
					FFF7AC0C1DB3389000430305 = {
						CreatedOnToolsVersion = 8.0;
						DevelopmentTeam = 9U8SJP9XUE;
						ProvisioningStyle = Automatic;
					};
					FFF7AC251DB3389100430305 = {
						CreatedOnToolsVersion = 8.0;
						DevelopmentTeam = 9U8SJP9XUE;
						ProvisioningStyle = Automatic;
						TestTargetID = FFF7AC0C1DB3389000430305;
					};
					FFF7AC301DB3389100430305 = {
						CreatedOnToolsVersion = 8.0;
						DevelopmentTeam = 9U8SJP9XUE;
						ProvisioningStyle = Automatic;
						TestTargetID = FFF7AC0C1DB3389000430305;
					};
				};
			};
			buildConfigurationList = FFF7AC081DB3389000430305 /* Build configuration list for PBXProject "Fleap" */;
			compatibilityVersion = "Xcode 3.2";
			developmentRegion = English;
			hasScannedForEncodings = 0;
			knownRegions = (
				en,
				Base,
			);
			mainGroup = FFF7AC041DB3389000430305;
			productRefGroup = FFF7AC0E1DB3389100430305 /* Products */;
			projectDirPath = "";
			projectRoot = "";
			targets = (
				FFF7AC0C1DB3389000430305 /* Fleap */,
				FFF7AC251DB3389100430305 /* FleapTests */,
				FFF7AC301DB3389100430305 /* FleapUITests */,
			);
		};
/* End PBXProject section */

/* Begin PBXResourcesBuildPhase section */
		FFF7AC0B1DB3389000430305 /* Resources */ = {
			isa = PBXResourcesBuildPhase;
			buildActionMask = 2147483647;
			files = (
				FFF7AC201DB3389100430305 /* LaunchScreen.storyboard in Resources */,
				FFF7AC1D1DB3389100430305 /* Assets.xcassets in Resources */,
				FFF7AC1B1DB3389100430305 /* Main.storyboard in Resources */,
			);
			runOnlyForDeploymentPostprocessing = 0;
		};
		FFF7AC241DB3389100430305 /* Resources */ = {
			isa = PBXResourcesBuildPhase;
			buildActionMask = 2147483647;
			files = (
			);
			runOnlyForDeploymentPostprocessing = 0;
		};
		FFF7AC2F1DB3389100430305 /* Resources */ = {
			isa = PBXResourcesBuildPhase;
			buildActionMask = 2147483647;
			files = (
			);
			runOnlyForDeploymentPostprocessing = 0;
		};
/* End PBXResourcesBuildPhase section */

/* Begin PBXShellScriptBuildPhase section */
		56EF9586A8C24E79BFBA9C9E /* [CP] Check Pods Manifest.lock */ = {
			isa = PBXShellScriptBuildPhase;
			buildActionMask = 2147483647;
			files = (
			);
			inputPaths = (
				"${PODS_PODFILE_DIR_PATH}/Podfile.lock",
				"${PODS_ROOT}/Manifest.lock",
			);
			name = "[CP] Check Pods Manifest.lock";
			outputPaths = (
				"$(DERIVED_FILE_DIR)/Pods-FleapUITests-checkManifestLockResult.txt",
			);
			runOnlyForDeploymentPostprocessing = 0;
			shellPath = /bin/sh;
			shellScript = "diff \"${PODS_PODFILE_DIR_PATH}/Podfile.lock\" \"${PODS_ROOT}/Manifest.lock\" > /dev/null\nif [ $? != 0 ] ; then\n    # print error to STDERR\n    echo \"error: The sandbox is not in sync with the Podfile.lock. Run 'pod install' or update your CocoaPods installation.\" >&2\n    exit 1\nfi\n# This output is used by Xcode 'outputs' to avoid re-running this script phase.\necho \"SUCCESS\" > \"${SCRIPT_OUTPUT_FILE_0}\"\n";
			showEnvVarsInLog = 0;
		};
		5EA67EE7D06CFADEE1CD9061 /* [CP] Check Pods Manifest.lock */ = {
			isa = PBXShellScriptBuildPhase;
			buildActionMask = 2147483647;
			files = (
			);
			inputPaths = (
				"${PODS_PODFILE_DIR_PATH}/Podfile.lock",
				"${PODS_ROOT}/Manifest.lock",
			);
			name = "[CP] Check Pods Manifest.lock";
			outputPaths = (
				"$(DERIVED_FILE_DIR)/Pods-FleapTests-checkManifestLockResult.txt",
			);
			runOnlyForDeploymentPostprocessing = 0;
			shellPath = /bin/sh;
			shellScript = "diff \"${PODS_PODFILE_DIR_PATH}/Podfile.lock\" \"${PODS_ROOT}/Manifest.lock\" > /dev/null\nif [ $? != 0 ] ; then\n    # print error to STDERR\n    echo \"error: The sandbox is not in sync with the Podfile.lock. Run 'pod install' or update your CocoaPods installation.\" >&2\n    exit 1\nfi\n# This output is used by Xcode 'outputs' to avoid re-running this script phase.\necho \"SUCCESS\" > \"${SCRIPT_OUTPUT_FILE_0}\"\n";
			showEnvVarsInLog = 0;
		};
		69CEB596526F00DA2E47E46C /* [CP] Check Pods Manifest.lock */ = {
			isa = PBXShellScriptBuildPhase;
			buildActionMask = 2147483647;
			files = (
			);
			inputPaths = (
				"${PODS_PODFILE_DIR_PATH}/Podfile.lock",
				"${PODS_ROOT}/Manifest.lock",
			);
			name = "[CP] Check Pods Manifest.lock";
			outputPaths = (
				"$(DERIVED_FILE_DIR)/Pods-Fleap-checkManifestLockResult.txt",
			);
			runOnlyForDeploymentPostprocessing = 0;
			shellPath = /bin/sh;
			shellScript = "diff \"${PODS_PODFILE_DIR_PATH}/Podfile.lock\" \"${PODS_ROOT}/Manifest.lock\" > /dev/null\nif [ $? != 0 ] ; then\n    # print error to STDERR\n    echo \"error: The sandbox is not in sync with the Podfile.lock. Run 'pod install' or update your CocoaPods installation.\" >&2\n    exit 1\nfi\n# This output is used by Xcode 'outputs' to avoid re-running this script phase.\necho \"SUCCESS\" > \"${SCRIPT_OUTPUT_FILE_0}\"\n";
			showEnvVarsInLog = 0;
		};
/* End PBXShellScriptBuildPhase section */

/* Begin PBXSourcesBuildPhase section */
		FFF7AC091DB3389000430305 /* Sources */ = {
			isa = PBXSourcesBuildPhase;
			buildActionMask = 2147483647;
			files = (
				FFB116842068BF0600328061 /* NOCTableView.m in Sources */,
				FF11E36A20636A7D001E048F /* UIView+hitTest.m in Sources */,
				FFF7AC181DB3389100430305 /* ViewController.m in Sources */,
				FFFD805A2067758000425B14 /* AlgorithmGrandList.m in Sources */,
				FF49420E2071CA28000AC7A9 /* NOCURLSession.m in Sources */,
				FFB116782068681F00328061 /* CancelState.m in Sources */,
				FF15BF3520622757002019CF /* AlgoNSRange.m in Sources */,
				FFF7AC151DB3389100430305 /* AppDelegate.m in Sources */,
				FFB1167B20686CF200328061 /* NOCSingleton.m in Sources */,
				FFFD805120671C7B00425B14 /* NOCProtocol.m in Sources */,
				FF4942112071CE1D000AC7A9 /* NOCSwizzling.m in Sources */,
				FFFD8054206721BA00425B14 /* NOCNotification.m in Sources */,
				FFFD805720672D9200425B14 /* NOCKeyValueObject.m in Sources */,
				FFB1168120689F4300328061 /* NOCOperation.m in Sources */,
				FFB116872068C2B500328061 /* NOCUIControl.m in Sources */,
				FFFD804E2067153F00425B14 /* NOCEnumerator.m in Sources */,
				FFF7AC121DB3389100430305 /* main.m in Sources */,
				FF11E36720636612001E048F /* AlgoUIViewPinpoint.m in Sources */,
				FFFD804B206712A100425B14 /* NOCNSExceptionHandling.m in Sources */,
				FFB1167E20688DCC00328061 /* NOCPersistence.m in Sources */,
			);
			runOnlyForDeploymentPostprocessing = 0;
		};
		FFF7AC221DB3389100430305 /* Sources */ = {
			isa = PBXSourcesBuildPhase;
			buildActionMask = 2147483647;
			files = (
				FFF7AC2B1DB3389100430305 /* FleapTests.m in Sources */,
			);
			runOnlyForDeploymentPostprocessing = 0;
		};
		FFF7AC2D1DB3389100430305 /* Sources */ = {
			isa = PBXSourcesBuildPhase;
			buildActionMask = 2147483647;
			files = (
				FFF7AC361DB3389100430305 /* FleapUITests.m in Sources */,
			);
			runOnlyForDeploymentPostprocessing = 0;
		};
/* End PBXSourcesBuildPhase section */

/* Begin PBXTargetDependency section */
		FFF7AC281DB3389100430305 /* PBXTargetDependency */ = {
			isa = PBXTargetDependency;
			target = FFF7AC0C1DB3389000430305 /* Fleap */;
			targetProxy = FFF7AC271DB3389100430305 /* PBXContainerItemProxy */;
		};
		FFF7AC331DB3389100430305 /* PBXTargetDependency */ = {
			isa = PBXTargetDependency;
			target = FFF7AC0C1DB3389000430305 /* Fleap */;
			targetProxy = FFF7AC321DB3389100430305 /* PBXContainerItemProxy */;
		};
/* End PBXTargetDependency section */

/* Begin PBXVariantGroup section */
		FFF7AC191DB3389100430305 /* Main.storyboard */ = {
			isa = PBXVariantGroup;
			children = (
				FFF7AC1A1DB3389100430305 /* Base */,
			);
			name = Main.storyboard;
			sourceTree = "<group>";
		};
		FFF7AC1E1DB3389100430305 /* LaunchScreen.storyboard */ = {
			isa = PBXVariantGroup;
			children = (
				FFF7AC1F1DB3389100430305 /* Base */,
			);
			name = LaunchScreen.storyboard;
			sourceTree = "<group>";
		};
/* End PBXVariantGroup section */

/* Begin XCBuildConfiguration section */
		FFF7AC381DB3389100430305 /* Debug */ = {
			isa = XCBuildConfiguration;
			buildSettings = {
				ALWAYS_SEARCH_USER_PATHS = NO;
				CLANG_ANALYZER_NONNULL = YES;
				CLANG_CXX_LANGUAGE_STANDARD = "gnu++0x";
				CLANG_CXX_LIBRARY = "libc++";
				CLANG_ENABLE_MODULES = YES;
				CLANG_ENABLE_OBJC_ARC = YES;
				CLANG_WARN_BOOL_CONVERSION = YES;
				CLANG_WARN_CONSTANT_CONVERSION = YES;
				CLANG_WARN_DIRECT_OBJC_ISA_USAGE = YES_ERROR;
				CLANG_WARN_DOCUMENTATION_COMMENTS = YES;
				CLANG_WARN_EMPTY_BODY = YES;
				CLANG_WARN_ENUM_CONVERSION = YES;
				CLANG_WARN_INFINITE_RECURSION = YES;
				CLANG_WARN_INT_CONVERSION = YES;
				CLANG_WARN_OBJC_ROOT_CLASS = YES_ERROR;
				CLANG_WARN_SUSPICIOUS_MOVES = YES;
				CLANG_WARN_UNREACHABLE_CODE = YES;
				CLANG_WARN__DUPLICATE_METHOD_MATCH = YES;
				"CODE_SIGN_IDENTITY[sdk=iphoneos*]" = "iPhone Developer";
				COPY_PHASE_STRIP = NO;
				DEBUG_INFORMATION_FORMAT = dwarf;
				ENABLE_STRICT_OBJC_MSGSEND = YES;
				ENABLE_TESTABILITY = YES;
				GCC_C_LANGUAGE_STANDARD = gnu99;
				GCC_DYNAMIC_NO_PIC = NO;
				GCC_NO_COMMON_BLOCKS = YES;
				GCC_OPTIMIZATION_LEVEL = 0;
				GCC_PREPROCESSOR_DEFINITIONS = (
					"DEBUG=1",
					"$(inherited)",
				);
				GCC_WARN_64_TO_32_BIT_CONVERSION = YES;
				GCC_WARN_ABOUT_RETURN_TYPE = YES_ERROR;
				GCC_WARN_UNDECLARED_SELECTOR = YES;
				GCC_WARN_UNINITIALIZED_AUTOS = YES_AGGRESSIVE;
				GCC_WARN_UNUSED_FUNCTION = YES;
				GCC_WARN_UNUSED_VARIABLE = YES;
				IPHONEOS_DEPLOYMENT_TARGET = 10.0;
				MTL_ENABLE_DEBUG_INFO = YES;
				ONLY_ACTIVE_ARCH = YES;
				SDKROOT = iphoneos;
				TARGETED_DEVICE_FAMILY = "1,2";
			};
			name = Debug;
		};
		FFF7AC391DB3389100430305 /* Release */ = {
			isa = XCBuildConfiguration;
			buildSettings = {
				ALWAYS_SEARCH_USER_PATHS = NO;
				CLANG_ANALYZER_NONNULL = YES;
				CLANG_CXX_LANGUAGE_STANDARD = "gnu++0x";
				CLANG_CXX_LIBRARY = "libc++";
				CLANG_ENABLE_MODULES = YES;
				CLANG_ENABLE_OBJC_ARC = YES;
				CLANG_WARN_BOOL_CONVERSION = YES;
				CLANG_WARN_CONSTANT_CONVERSION = YES;
				CLANG_WARN_DIRECT_OBJC_ISA_USAGE = YES_ERROR;
				CLANG_WARN_DOCUMENTATION_COMMENTS = YES;
				CLANG_WARN_EMPTY_BODY = YES;
				CLANG_WARN_ENUM_CONVERSION = YES;
				CLANG_WARN_INFINITE_RECURSION = YES;
				CLANG_WARN_INT_CONVERSION = YES;
				CLANG_WARN_OBJC_ROOT_CLASS = YES_ERROR;
				CLANG_WARN_SUSPICIOUS_MOVES = YES;
				CLANG_WARN_UNREACHABLE_CODE = YES;
				CLANG_WARN__DUPLICATE_METHOD_MATCH = YES;
				"CODE_SIGN_IDENTITY[sdk=iphoneos*]" = "iPhone Developer";
				COPY_PHASE_STRIP = NO;
				DEBUG_INFORMATION_FORMAT = "dwarf-with-dsym";
				ENABLE_NS_ASSERTIONS = NO;
				ENABLE_STRICT_OBJC_MSGSEND = YES;
				GCC_C_LANGUAGE_STANDARD = gnu99;
				GCC_NO_COMMON_BLOCKS = YES;
				GCC_WARN_64_TO_32_BIT_CONVERSION = YES;
				GCC_WARN_ABOUT_RETURN_TYPE = YES_ERROR;
				GCC_WARN_UNDECLARED_SELECTOR = YES;
				GCC_WARN_UNINITIALIZED_AUTOS = YES_AGGRESSIVE;
				GCC_WARN_UNUSED_FUNCTION = YES;
				GCC_WARN_UNUSED_VARIABLE = YES;
				IPHONEOS_DEPLOYMENT_TARGET = 10.0;
				MTL_ENABLE_DEBUG_INFO = NO;
				SDKROOT = iphoneos;
				TARGETED_DEVICE_FAMILY = "1,2";
				VALIDATE_PRODUCT = YES;
			};
			name = Release;
		};
		FFF7AC3B1DB3389100430305 /* Debug */ = {
			isa = XCBuildConfiguration;
			baseConfigurationReference = 6AAEA86D9CCA906EFDF5C91C /* Pods-Fleap.debug.xcconfig */;
			buildSettings = {
				ASSETCATALOG_COMPILER_APPICON_NAME = AppIcon;
				DEVELOPMENT_TEAM = 9U8SJP9XUE;
				INFOPLIST_FILE = Fleap/Info.plist;
				IPHONEOS_DEPLOYMENT_TARGET = 10.3;
				LD_RUNPATH_SEARCH_PATHS = "$(inherited) @executable_path/Frameworks";
				PRODUCT_BUNDLE_IDENTIFIER = com.noctiz.Fleap;
				PRODUCT_NAME = "$(TARGET_NAME)";
			};
			name = Debug;
		};
		FFF7AC3C1DB3389100430305 /* Release */ = {
			isa = XCBuildConfiguration;
			baseConfigurationReference = 29FCB772B43AB211903229FD /* Pods-Fleap.release.xcconfig */;
			buildSettings = {
				ASSETCATALOG_COMPILER_APPICON_NAME = AppIcon;
				DEVELOPMENT_TEAM = 9U8SJP9XUE;
				INFOPLIST_FILE = Fleap/Info.plist;
				IPHONEOS_DEPLOYMENT_TARGET = 10.3;
				LD_RUNPATH_SEARCH_PATHS = "$(inherited) @executable_path/Frameworks";
				PRODUCT_BUNDLE_IDENTIFIER = com.noctiz.Fleap;
				PRODUCT_NAME = "$(TARGET_NAME)";
			};
			name = Release;
		};
		FFF7AC3E1DB3389100430305 /* Debug */ = {
			isa = XCBuildConfiguration;
			baseConfigurationReference = 648FF95701F101CDD825624A /* Pods-FleapTests.debug.xcconfig */;
			buildSettings = {
				BUNDLE_LOADER = "$(TEST_HOST)";
				DEVELOPMENT_TEAM = 9U8SJP9XUE;
				INFOPLIST_FILE = FleapTests/Info.plist;
				LD_RUNPATH_SEARCH_PATHS = "$(inherited) @executable_path/Frameworks @loader_path/Frameworks";
				PRODUCT_BUNDLE_IDENTIFIER = com.noctiz.FleapTests;
				PRODUCT_NAME = "$(TARGET_NAME)";
				TEST_HOST = "$(BUILT_PRODUCTS_DIR)/Fleap.app/Fleap";
			};
			name = Debug;
		};
		FFF7AC3F1DB3389100430305 /* Release */ = {
			isa = XCBuildConfiguration;
			baseConfigurationReference = E254C68A469813235DADB5AF /* Pods-FleapTests.release.xcconfig */;
			buildSettings = {
				BUNDLE_LOADER = "$(TEST_HOST)";
				DEVELOPMENT_TEAM = 9U8SJP9XUE;
				INFOPLIST_FILE = FleapTests/Info.plist;
				LD_RUNPATH_SEARCH_PATHS = "$(inherited) @executable_path/Frameworks @loader_path/Frameworks";
				PRODUCT_BUNDLE_IDENTIFIER = com.noctiz.FleapTests;
				PRODUCT_NAME = "$(TARGET_NAME)";
				TEST_HOST = "$(BUILT_PRODUCTS_DIR)/Fleap.app/Fleap";
			};
			name = Release;
		};
		FFF7AC411DB3389100430305 /* Debug */ = {
			isa = XCBuildConfiguration;
			baseConfigurationReference = 03898A7D2F12DCF5C26B9563 /* Pods-FleapUITests.debug.xcconfig */;
			buildSettings = {
				DEVELOPMENT_TEAM = 9U8SJP9XUE;
				INFOPLIST_FILE = FleapUITests/Info.plist;
				LD_RUNPATH_SEARCH_PATHS = "$(inherited) @executable_path/Frameworks @loader_path/Frameworks";
				PRODUCT_BUNDLE_IDENTIFIER = com.noctiz.FleapUITests;
				PRODUCT_NAME = "$(TARGET_NAME)";
				TEST_TARGET_NAME = Fleap;
			};
			name = Debug;
		};
		FFF7AC421DB3389100430305 /* Release */ = {
			isa = XCBuildConfiguration;
			baseConfigurationReference = 1230558DA6CA7522ABF5294D /* Pods-FleapUITests.release.xcconfig */;
			buildSettings = {
				DEVELOPMENT_TEAM = 9U8SJP9XUE;
				INFOPLIST_FILE = FleapUITests/Info.plist;
				LD_RUNPATH_SEARCH_PATHS = "$(inherited) @executable_path/Frameworks @loader_path/Frameworks";
				PRODUCT_BUNDLE_IDENTIFIER = com.noctiz.FleapUITests;
				PRODUCT_NAME = "$(TARGET_NAME)";
				TEST_TARGET_NAME = Fleap;
			};
			name = Release;
		};
/* End XCBuildConfiguration section */

/* Begin XCConfigurationList section */
		FFF7AC081DB3389000430305 /* Build configuration list for PBXProject "Fleap" */ = {
			isa = XCConfigurationList;
			buildConfigurations = (
				FFF7AC381DB3389100430305 /* Debug */,
				FFF7AC391DB3389100430305 /* Release */,
			);
			defaultConfigurationIsVisible = 0;
			defaultConfigurationName = Release;
		};
		FFF7AC3A1DB3389100430305 /* Build configuration list for PBXNativeTarget "Fleap" */ = {
			isa = XCConfigurationList;
			buildConfigurations = (
				FFF7AC3B1DB3389100430305 /* Debug */,
				FFF7AC3C1DB3389100430305 /* Release */,
			);
			defaultConfigurationIsVisible = 0;
			defaultConfigurationName = Release;
		};
		FFF7AC3D1DB3389100430305 /* Build configuration list for PBXNativeTarget "FleapTests" */ = {
			isa = XCConfigurationList;
			buildConfigurations = (
				FFF7AC3E1DB3389100430305 /* Debug */,
				FFF7AC3F1DB3389100430305 /* Release */,
			);
			defaultConfigurationIsVisible = 0;
			defaultConfigurationName = Release;
		};
		FFF7AC401DB3389100430305 /* Build configuration list for PBXNativeTarget "FleapUITests" */ = {
			isa = XCConfigurationList;
			buildConfigurations = (
				FFF7AC411DB3389100430305 /* Debug */,
				FFF7AC421DB3389100430305 /* Release */,
			);
			defaultConfigurationIsVisible = 0;
			defaultConfigurationName = Release;
		};
/* End XCConfigurationList section */
	};
	rootObject = FFF7AC051DB3389000430305 /* Project object */;
}
